
Microsoft Visual Studio Solution File, Format Version 12.00
# Visual Studio Version 17
VisualStudioVersion = 17.12.35527.113 d17.12
MinimumVisualStudioVersion = 10.0.40219.1
Project("{FAE04EC0-301F-11D3-BF4B-00C04F79EFBC}") = "WebProductCategoryCrud1", "WebProductCategoryCrud1\WebProductCategoryCrud1.csproj", "{E58B0CAC-8AA9-4BF8-ABCD-A90A71C2A122}"
EndProject
Global
	GlobalSection(SolutionConfigurationPlatforms) = preSolution
		Debug|Any CPU = Debug|Any CPU
		Release|Any CPU = Release|Any CPU
	EndGlobalSection
	GlobalSection(ProjectConfigurationPlatforms) = postSolution
		{E58B0CAC-8AA9-4BF8-ABCD-A90A71C2A122}.Debug|Any CPU.ActiveCfg = Debug|Any CPU
		{E58B0CAC-8AA9-4BF8-ABCD-A90A71C2A122}.Debug|Any CPU.Build.0 = Debug|Any CPU
		{E58B0CAC-8AA9-4BF8-ABCD-A90A71C2A122}.Release|Any CPU.ActiveCfg = Release|Any CPU
		{E58B0CAC-8AA9-4BF8-ABCD-A90A71C2A122}.Release|Any CPU.Build.0 = Release|Any CPU
	EndGlobalSection
	GlobalSection(SolutionProperties) = preSolution
		HideSolutionNode = FALSE
	EndGlobalSection
EndGlobal
